
Microsoft Visual Studio Solution File, Format Version 12.00
# Visual Studio Version 16
VisualStudioVersion = 16.0.29926.136
MinimumVisualStudioVersion = 10.0.40219.1
Project("{FAE04EC0-301F-11D3-BF4B-00C04F79EFBC}") = "DuckSurveyProjectDotNet", "DuckSurveyProjectDotNet.csproj", "{9FF7D618-B0E9-4E01-B226-A835DFBA1C44}"
EndProject
Global
	GlobalSection(SolutionConfigurationPlatforms) = preSolution
		Debug|Any CPU = Debug|Any CPU
		Release|Any CPU = Release|Any CPU
	EndGlobalSection
	GlobalSection(ProjectConfigurationPlatforms) = postSolution
		{9FF7D618-B0E9-4E01-B226-A835DFBA1C44}.Debug|Any CPU.ActiveCfg = Debug|Any CPU
		{9FF7D618-B0E9-4E01-B226-A835DFBA1C44}.Debug|Any CPU.Build.0 = Debug|Any CPU
		{9FF7D618-B0E9-4E01-B226-A835DFBA1C44}.Release|Any CPU.ActiveCfg = Release|Any CPU
		{9FF7D618-B0E9-4E01-B226-A835DFBA1C44}.Release|Any CPU.Build.0 = Release|Any CPU
	EndGlobalSection
	GlobalSection(SolutionProperties) = preSolution
		HideSolutionNode = FALSE
	EndGlobalSection
	GlobalSection(ExtensibilityGlobals) = postSolution
		SolutionGuid = {23E19316-2972-4B74-AA5E-1520ADDB8485}
	EndGlobalSection
EndGlobal
